// !$*UTF8*$!
{
	archiveVersion = 1;
	classes = {
	};
	objectVersion = 56;
	objects = {

/* Begin PBXBuildFile section */
		EA15FB5D29AB8C2700677B12 /* AppDelegate.swift in Sources */ = {isa = PBXBuildFile; fileRef = EA15FB5C29AB8C2700677B12 /* AppDelegate.swift */; };
		EA15FB5F29AB8C2700677B12 /* SceneDelegate.swift in Sources */ = {isa = PBXBuildFile; fileRef = EA15FB5E29AB8C2700677B12 /* SceneDelegate.swift */; };
		EA15FB6129AB8C2700677B12 /* NetflixTabBarController.swift in Sources */ = {isa = PBXBuildFile; fileRef = EA15FB6029AB8C2700677B12 /* NetflixTabBarController.swift */; };
		EA15FB6729AB8C2700677B12 /* Netflix.xcdatamodeld in Sources */ = {isa = PBXBuildFile; fileRef = EA15FB6529AB8C2700677B12 /* Netflix.xcdatamodeld */; };
		EA15FB6929AB8C2900677B12 /* Assets.xcassets in Resources */ = {isa = PBXBuildFile; fileRef = EA15FB6829AB8C2900677B12 /* Assets.xcassets */; };
		EA15FB6C29AB8C2900677B12 /* LaunchScreen.storyboard in Resources */ = {isa = PBXBuildFile; fileRef = EA15FB6A29AB8C2900677B12 /* LaunchScreen.storyboard */; };
		EA15FB7B29AB982D00677B12 /* HomeViewController.swift in Sources */ = {isa = PBXBuildFile; fileRef = EA15FB7A29AB982D00677B12 /* HomeViewController.swift */; };
		EA15FB7D29AB984100677B12 /* UpComingViewController.swift in Sources */ = {isa = PBXBuildFile; fileRef = EA15FB7C29AB984000677B12 /* UpComingViewController.swift */; };
		EA15FB7F29AB985700677B12 /* SearchViewController.swift in Sources */ = {isa = PBXBuildFile; fileRef = EA15FB7E29AB985700677B12 /* SearchViewController.swift */; };
		EA15FB8129AB986400677B12 /* DownloadsViewController.swift in Sources */ = {isa = PBXBuildFile; fileRef = EA15FB8029AB986400677B12 /* DownloadsViewController.swift */; };
		EA15FB8829AB9C2000677B12 /* HomeTableViewCell.swift in Sources */ = {isa = PBXBuildFile; fileRef = EA15FB8729AB9C2000677B12 /* HomeTableViewCell.swift */; };
		EA15FB8D29AB9CFC00677B12 /* HomeTableCellViewModel.swift in Sources */ = {isa = PBXBuildFile; fileRef = EA15FB8C29AB9CFC00677B12 /* HomeTableCellViewModel.swift */; };
		EA15FB9029ABA26D00677B12 /* HomeHeaderView.swift in Sources */ = {isa = PBXBuildFile; fileRef = EA15FB8F29ABA26D00677B12 /* HomeHeaderView.swift */; };
		EA15FB9229ABB78800677B12 /* NetworkService.swift in Sources */ = {isa = PBXBuildFile; fileRef = EA15FB9129ABB78800677B12 /* NetworkService.swift */; };
		EA15FB9529ABC0EB00677B12 /* TrendingMoviesResponse.swift in Sources */ = {isa = PBXBuildFile; fileRef = EA15FB9429ABC0EB00677B12 /* TrendingMoviesResponse.swift */; };
		EA15FB9729ABCCE800677B12 /* TitleCollectionViewCell.swift in Sources */ = {isa = PBXBuildFile; fileRef = EA15FB9629ABCCE800677B12 /* TitleCollectionViewCell.swift */; };
		EA15FB9929ABCD1F00677B12 /* TitleCollectionViewCellViewModel.swift in Sources */ = {isa = PBXBuildFile; fileRef = EA15FB9829ABCD1F00677B12 /* TitleCollectionViewCellViewModel.swift */; };
		EA15FB9D29ABCEA500677B12 /* SDWebImage in Frameworks */ = {isa = PBXBuildFile; productRef = EA15FB9C29ABCEA500677B12 /* SDWebImage */; };
		EA15FBA329AC91E800677B12 /* UpComingViewViewModel.swift in Sources */ = {isa = PBXBuildFile; fileRef = EA15FBA229AC91E800677B12 /* UpComingViewViewModel.swift */; };
		EA15FBA529AC977F00677B12 /* UpcomingTableViewCell.swift in Sources */ = {isa = PBXBuildFile; fileRef = EA15FBA429AC977F00677B12 /* UpcomingTableViewCell.swift */; };
		EA15FBA729AC97CA00677B12 /* UpcomingTableViewCellViewModel.swift in Sources */ = {isa = PBXBuildFile; fileRef = EA15FBA629AC97CA00677B12 /* UpcomingTableViewCellViewModel.swift */; };
		EA15FBA929ACA8C100677B12 /* SearchResultViewController.swift in Sources */ = {isa = PBXBuildFile; fileRef = EA15FBA829ACA8C100677B12 /* SearchResultViewController.swift */; };
		EA15FBAB29ACAFBB00677B12 /* YoutubeSearchResponse.swift in Sources */ = {isa = PBXBuildFile; fileRef = EA15FBAA29ACAFBB00677B12 /* YoutubeSearchResponse.swift */; };
		EA15FBAE29ACBDD300677B12 /* PreviewViewController.swift in Sources */ = {isa = PBXBuildFile; fileRef = EA15FBAD29ACBDD300677B12 /* PreviewViewController.swift */; };
		EA7939D329ADEFB000C0D787 /* PreviewView.swift in Sources */ = {isa = PBXBuildFile; fileRef = EA7939D229ADEFB000C0D787 /* PreviewView.swift */; };
		EA7939D529ADF13D00C0D787 /* PreviewViewViewModel.swift in Sources */ = {isa = PBXBuildFile; fileRef = EA7939D429ADF13D00C0D787 /* PreviewViewViewModel.swift */; };
		EA7939D729AE901300C0D787 /* DataBasePersistenceManager.swift in Sources */ = {isa = PBXBuildFile; fileRef = EA7939D629AE901300C0D787 /* DataBasePersistenceManager.swift */; };
/* End PBXBuildFile section */

/* Begin PBXFileReference section */
		EA15FB5929AB8C2700677B12 /* Netflix.app */ = {isa = PBXFileReference; explicitFileType = wrapper.application; includeInIndex = 0; path = Netflix.app; sourceTree = BUILT_PRODUCTS_DIR; };
		EA15FB5C29AB8C2700677B12 /* AppDelegate.swift */ = {isa = PBXFileReference; lastKnownFileType = sourcecode.swift; path = AppDelegate.swift; sourceTree = "<group>"; };
		EA15FB5E29AB8C2700677B12 /* SceneDelegate.swift */ = {isa = PBXFileReference; lastKnownFileType = sourcecode.swift; path = SceneDelegate.swift; sourceTree = "<group>"; };
		EA15FB6029AB8C2700677B12 /* NetflixTabBarController.swift */ = {isa = PBXFileReference; lastKnownFileType = sourcecode.swift; path = NetflixTabBarController.swift; sourceTree = "<group>"; };
		EA15FB6629AB8C2700677B12 /* Netflix.xcdatamodel */ = {isa = PBXFileReference; lastKnownFileType = wrapper.xcdatamodel; path = Netflix.xcdatamodel; sourceTree = "<group>"; };
		EA15FB6829AB8C2900677B12 /* Assets.xcassets */ = {isa = PBXFileReference; lastKnownFileType = folder.assetcatalog; path = Assets.xcassets; sourceTree = "<group>"; };
		EA15FB6B29AB8C2900677B12 /* Base */ = {isa = PBXFileReference; lastKnownFileType = file.storyboard; name = Base; path = Base.lproj/LaunchScreen.storyboard; sourceTree = "<group>"; };
		EA15FB6D29AB8C2900677B12 /* Info.plist */ = {isa = PBXFileReference; lastKnownFileType = text.plist.xml; path = Info.plist; sourceTree = "<group>"; };
		EA15FB7A29AB982D00677B12 /* HomeViewController.swift */ = {isa = PBXFileReference; lastKnownFileType = sourcecode.swift; path = HomeViewController.swift; sourceTree = "<group>"; };
		EA15FB7C29AB984000677B12 /* UpComingViewController.swift */ = {isa = PBXFileReference; lastKnownFileType = sourcecode.swift; path = UpComingViewController.swift; sourceTree = "<group>"; };
		EA15FB7E29AB985700677B12 /* SearchViewController.swift */ = {isa = PBXFileReference; lastKnownFileType = sourcecode.swift; path = SearchViewController.swift; sourceTree = "<group>"; };
		EA15FB8029AB986400677B12 /* DownloadsViewController.swift */ = {isa = PBXFileReference; lastKnownFileType = sourcecode.swift; path = DownloadsViewController.swift; sourceTree = "<group>"; };
		EA15FB8729AB9C2000677B12 /* HomeTableViewCell.swift */ = {isa = PBXFileReference; lastKnownFileType = sourcecode.swift; path = HomeTableViewCell.swift; sourceTree = "<group>"; };
		EA15FB8C29AB9CFC00677B12 /* HomeTableCellViewModel.swift */ = {isa = PBXFileReference; lastKnownFileType = sourcecode.swift; path = HomeTableCellViewModel.swift; sourceTree = "<group>"; };
		EA15FB8F29ABA26D00677B12 /* HomeHeaderView.swift */ = {isa = PBXFileReference; lastKnownFileType = sourcecode.swift; path = HomeHeaderView.swift; sourceTree = "<group>"; };
		EA15FB9129ABB78800677B12 /* NetworkService.swift */ = {isa = PBXFileReference; lastKnownFileType = sourcecode.swift; path = NetworkService.swift; sourceTree = "<group>"; };
		EA15FB9429ABC0EB00677B12 /* TrendingMoviesResponse.swift */ = {isa = PBXFileReference; lastKnownFileType = sourcecode.swift; path = TrendingMoviesResponse.swift; sourceTree = "<group>"; };
		EA15FB9629ABCCE800677B12 /* TitleCollectionViewCell.swift */ = {isa = PBXFileReference; lastKnownFileType = sourcecode.swift; path = TitleCollectionViewCell.swift; sourceTree = "<group>"; };
		EA15FB9829ABCD1F00677B12 /* TitleCollectionViewCellViewModel.swift */ = {isa = PBXFileReference; lastKnownFileType = sourcecode.swift; path = TitleCollectionViewCellViewModel.swift; sourceTree = "<group>"; };
		EA15FBA229AC91E800677B12 /* UpComingViewViewModel.swift */ = {isa = PBXFileReference; lastKnownFileType = sourcecode.swift; path = UpComingViewViewModel.swift; sourceTree = "<group>"; };
		EA15FBA429AC977F00677B12 /* UpcomingTableViewCell.swift */ = {isa = PBXFileReference; lastKnownFileType = sourcecode.swift; path = UpcomingTableViewCell.swift; sourceTree = "<group>"; };
		EA15FBA629AC97CA00677B12 /* UpcomingTableViewCellViewModel.swift */ = {isa = PBXFileReference; lastKnownFileType = sourcecode.swift; path = UpcomingTableViewCellViewModel.swift; sourceTree = "<group>"; };
		EA15FBA829ACA8C100677B12 /* SearchResultViewController.swift */ = {isa = PBXFileReference; lastKnownFileType = sourcecode.swift; path = SearchResultViewController.swift; sourceTree = "<group>"; };
		EA15FBAA29ACAFBB00677B12 /* YoutubeSearchResponse.swift */ = {isa = PBXFileReference; fileEncoding = 4; lastKnownFileType = sourcecode.swift; path = YoutubeSearchResponse.swift; sourceTree = "<group>"; };
		EA15FBAD29ACBDD300677B12 /* PreviewViewController.swift */ = {isa = PBXFileReference; lastKnownFileType = sourcecode.swift; path = PreviewViewController.swift; sourceTree = "<group>"; };
		EA7939D229ADEFB000C0D787 /* PreviewView.swift */ = {isa = PBXFileReference; lastKnownFileType = sourcecode.swift; path = PreviewView.swift; sourceTree = "<group>"; };
		EA7939D429ADF13D00C0D787 /* PreviewViewViewModel.swift */ = {isa = PBXFileReference; lastKnownFileType = sourcecode.swift; path = PreviewViewViewModel.swift; sourceTree = "<group>"; };
		EA7939D629AE901300C0D787 /* DataBasePersistenceManager.swift */ = {isa = PBXFileReference; lastKnownFileType = sourcecode.swift; path = DataBasePersistenceManager.swift; sourceTree = "<group>"; };
/* End PBXFileReference section */

/* Begin PBXFrameworksBuildPhase section */
		EA15FB5629AB8C2700677B12 /* Frameworks */ = {
			isa = PBXFrameworksBuildPhase;
			buildActionMask = 2147483647;
			files = (
				EA15FB9D29ABCEA500677B12 /* SDWebImage in Frameworks */,
			);
			runOnlyForDeploymentPostprocessing = 0;
		};
/* End PBXFrameworksBuildPhase section */

/* Begin PBXGroup section */
		EA15FB5029AB8C2700677B12 = {
			isa = PBXGroup;
			children = (
				EA15FB5B29AB8C2700677B12 /* Netflix */,
				EA15FB5A29AB8C2700677B12 /* Products */,
			);
			sourceTree = "<group>";
		};
		EA15FB5A29AB8C2700677B12 /* Products */ = {
			isa = PBXGroup;
			children = (
				EA15FB5929AB8C2700677B12 /* Netflix.app */,
			);
			name = Products;
			sourceTree = "<group>";
		};
		EA15FB5B29AB8C2700677B12 /* Netflix */ = {
			isa = PBXGroup;
			children = (
				EA15FB6D29AB8C2900677B12 /* Info.plist */,
				EA15FB7729AB97E400677B12 /* DBManager */,
				EA15FB7629AB97DD00677B12 /* Extensions */,
				EA15FB7329AB97C500677B12 /* Supporting Files */,
				EA15FB7429AB97CC00677B12 /* Manager */,
				EA15FB9329ABC0D400677B12 /* Model */,
				EA15FB7529AB97D200677B12 /* Controllers */,
			);
			path = Netflix;
			sourceTree = "<group>";
		};
		EA15FB7329AB97C500677B12 /* Supporting Files */ = {
			isa = PBXGroup;
			children = (
				EA15FB5C29AB8C2700677B12 /* AppDelegate.swift */,
				EA15FB5E29AB8C2700677B12 /* SceneDelegate.swift */,
				EA15FB6829AB8C2900677B12 /* Assets.xcassets */,
				EA15FB6A29AB8C2900677B12 /* LaunchScreen.storyboard */,
			);
			path = "Supporting Files";
			sourceTree = "<group>";
		};
		EA15FB7429AB97CC00677B12 /* Manager */ = {
			isa = PBXGroup;
			children = (
				EA15FB9129ABB78800677B12 /* NetworkService.swift */,
				EA7939D629AE901300C0D787 /* DataBasePersistenceManager.swift */,
			);
			path = Manager;
			sourceTree = "<group>";
		};
		EA15FB7529AB97D200677B12 /* Controllers */ = {
			isa = PBXGroup;
			children = (
				EA15FB7829AB97F500677B12 /* Base */,
				EA15FB7929AB97FB00677B12 /* Controllers */,
			);
			path = Controllers;
			sourceTree = "<group>";
		};
		EA15FB7629AB97DD00677B12 /* Extensions */ = {
			isa = PBXGroup;
			children = (
			);
			path = Extensions;
			sourceTree = "<group>";
		};
		EA15FB7729AB97E400677B12 /* DBManager */ = {
			isa = PBXGroup;
			children = (
				EA15FB6529AB8C2700677B12 /* Netflix.xcdatamodeld */,
			);
			path = DBManager;
			sourceTree = "<group>";
		};
		EA15FB7829AB97F500677B12 /* Base */ = {
			isa = PBXGroup;
			children = (
				EA15FB6029AB8C2700677B12 /* NetflixTabBarController.swift */,
			);
			path = Base;
			sourceTree = "<group>";
		};
		EA15FB7929AB97FB00677B12 /* Controllers */ = {
			isa = PBXGroup;
			children = (
				EA15FBAC29ACBDC600677B12 /* PreviewController */,
				EA15FB8229AB9BF200677B12 /* Home */,
				EA15FB8929AB9C2E00677B12 /* UpComing */,
				EA15FB8A29AB9C3700677B12 /* Search */,
				EA15FB8B29AB9C3C00677B12 /* Downloads */,
			);
			path = Controllers;
			sourceTree = "<group>";
		};
		EA15FB8229AB9BF200677B12 /* Home */ = {
			isa = PBXGroup;
			children = (
				EA15FB8E29ABA24200677B12 /* HeaderView */,
				EA15FB8329AB9BF900677B12 /* Controller */,
				EA15FB8629AB9C0D00677B12 /* Cell */,
			);
			path = Home;
			sourceTree = "<group>";
		};
		EA15FB8329AB9BF900677B12 /* Controller */ = {
			isa = PBXGroup;
			children = (
				EA15FB7A29AB982D00677B12 /* HomeViewController.swift */,
				EA15FB8C29AB9CFC00677B12 /* HomeTableCellViewModel.swift */,
			);
			path = Controller;
			sourceTree = "<group>";
		};
		EA15FB8629AB9C0D00677B12 /* Cell */ = {
			isa = PBXGroup;
			children = (
				EA15FB8729AB9C2000677B12 /* HomeTableViewCell.swift */,
				EA15FB9629ABCCE800677B12 /* TitleCollectionViewCell.swift */,
				EA15FB9829ABCD1F00677B12 /* TitleCollectionViewCellViewModel.swift */,
			);
			path = Cell;
			sourceTree = "<group>";
		};
		EA15FB8929AB9C2E00677B12 /* UpComing */ = {
			isa = PBXGroup;
			children = (
				EA15FB9E29AC91BA00677B12 /* Controller */,
				EA15FBA029AC91C500677B12 /* ViewModel */,
				EA15FBA129AC91CF00677B12 /* Cell */,
			);
			path = UpComing;
			sourceTree = "<group>";
		};
		EA15FB8A29AB9C3700677B12 /* Search */ = {
			isa = PBXGroup;
			children = (
				EA15FB7E29AB985700677B12 /* SearchViewController.swift */,
				EA15FBA829ACA8C100677B12 /* SearchResultViewController.swift */,
			);
			path = Search;
			sourceTree = "<group>";
		};
		EA15FB8B29AB9C3C00677B12 /* Downloads */ = {
			isa = PBXGroup;
			children = (
				EA15FB8029AB986400677B12 /* DownloadsViewController.swift */,
			);
			path = Downloads;
			sourceTree = "<group>";
		};
		EA15FB8E29ABA24200677B12 /* HeaderView */ = {
			isa = PBXGroup;
			children = (
				EA15FB8F29ABA26D00677B12 /* HomeHeaderView.swift */,
			);
			path = HeaderView;
			sourceTree = "<group>";
		};
		EA15FB9329ABC0D400677B12 /* Model */ = {
			isa = PBXGroup;
			children = (
				EA15FBAA29ACAFBB00677B12 /* YoutubeSearchResponse.swift */,
				EA15FB9429ABC0EB00677B12 /* TrendingMoviesResponse.swift */,
			);
			path = Model;
			sourceTree = "<group>";
		};
		EA15FB9E29AC91BA00677B12 /* Controller */ = {
			isa = PBXGroup;
			children = (
				EA15FB7C29AB984000677B12 /* UpComingViewController.swift */,
			);
			path = Controller;
			sourceTree = "<group>";
		};
		EA15FBA029AC91C500677B12 /* ViewModel */ = {
			isa = PBXGroup;
			children = (
				EA15FBA229AC91E800677B12 /* UpComingViewViewModel.swift */,
			);
			path = ViewModel;
			sourceTree = "<group>";
		};
		EA15FBA129AC91CF00677B12 /* Cell */ = {
			isa = PBXGroup;
			children = (
				EA15FBA429AC977F00677B12 /* UpcomingTableViewCell.swift */,
				EA15FBA629AC97CA00677B12 /* UpcomingTableViewCellViewModel.swift */,
			);
			path = Cell;
			sourceTree = "<group>";
		};
		EA15FBAC29ACBDC600677B12 /* PreviewController */ = {
			isa = PBXGroup;
			children = (
				EA15FBAD29ACBDD300677B12 /* PreviewViewController.swift */,
				EA7939D129ADEF7200C0D787 /* ViewModel */,
				EA7939D029ADEF6E00C0D787 /* View  */,
			);
			path = PreviewController;
			sourceTree = "<group>";
		};
		EA7939D029ADEF6E00C0D787 /* View  */ = {
			isa = PBXGroup;
			children = (
				EA7939D229ADEFB000C0D787 /* PreviewView.swift */,
			);
			path = "View ";
			sourceTree = "<group>";
		};
		EA7939D129ADEF7200C0D787 /* ViewModel */ = {
			isa = PBXGroup;
			children = (
				EA7939D429ADF13D00C0D787 /* PreviewViewViewModel.swift */,
			);
			path = ViewModel;
			sourceTree = "<group>";
		};
/* End PBXGroup section */

/* Begin PBXNativeTarget section */
		EA15FB5829AB8C2700677B12 /* Netflix */ = {
			isa = PBXNativeTarget;
			buildConfigurationList = EA15FB7029AB8C2900677B12 /* Build configuration list for PBXNativeTarget "Netflix" */;
			buildPhases = (
				EA15FB5529AB8C2700677B12 /* Sources */,
				EA15FB5629AB8C2700677B12 /* Frameworks */,
				EA15FB5729AB8C2700677B12 /* Resources */,
			);
			buildRules = (
			);
			dependencies = (
			);
			name = Netflix;
			packageProductDependencies = (
				EA15FB9C29ABCEA500677B12 /* SDWebImage */,
			);
			productName = Netflix;
			productReference = EA15FB5929AB8C2700677B12 /* Netflix.app */;
			productType = "com.apple.product-type.application";
		};
/* End PBXNativeTarget section */

/* Begin PBXProject section */
		EA15FB5129AB8C2700677B12 /* Project object */ = {
			isa = PBXProject;
			attributes = {
				BuildIndependentTargetsInParallel = 1;
				LastSwiftUpdateCheck = 1420;
				LastUpgradeCheck = 1420;
				TargetAttributes = {
					EA15FB5829AB8C2700677B12 = {
						CreatedOnToolsVersion = 14.2;
					};
				};
			};
			buildConfigurationList = EA15FB5429AB8C2700677B12 /* Build configuration list for PBXProject "Netflix" */;
			compatibilityVersion = "Xcode 14.0";
			developmentRegion = en;
			hasScannedForEncodings = 0;
			knownRegions = (
				en,
				Base,
			);
			mainGroup = EA15FB5029AB8C2700677B12;
			packageReferences = (
				EA15FB9B29ABCEA500677B12 /* XCRemoteSwiftPackageReference "SDWebImage" */,
			);
			productRefGroup = EA15FB5A29AB8C2700677B12 /* Products */;
			projectDirPath = "";
			projectRoot = "";
			targets = (
				EA15FB5829AB8C2700677B12 /* Netflix */,
			);
		};
/* End PBXProject section */

/* Begin PBXResourcesBuildPhase section */
		EA15FB5729AB8C2700677B12 /* Resources */ = {
			isa = PBXResourcesBuildPhase;
			buildActionMask = 2147483647;
			files = (
				EA15FB6C29AB8C2900677B12 /* LaunchScreen.storyboard in Resources */,
				EA15FB6929AB8C2900677B12 /* Assets.xcassets in Resources */,
			);
			runOnlyForDeploymentPostprocessing = 0;
		};
/* End PBXResourcesBuildPhase section */

/* Begin PBXSourcesBuildPhase section */
		EA15FB5529AB8C2700677B12 /* Sources */ = {
			isa = PBXSourcesBuildPhase;
			buildActionMask = 2147483647;
			files = (
				EA15FB9529ABC0EB00677B12 /* TrendingMoviesResponse.swift in Sources */,
				EA15FB7B29AB982D00677B12 /* HomeViewController.swift in Sources */,
				EA15FBAE29ACBDD300677B12 /* PreviewViewController.swift in Sources */,
				EA7939D329ADEFB000C0D787 /* PreviewView.swift in Sources */,
				EA15FB7F29AB985700677B12 /* SearchViewController.swift in Sources */,
				EA15FB8129AB986400677B12 /* DownloadsViewController.swift in Sources */,
				EA15FBA529AC977F00677B12 /* UpcomingTableViewCell.swift in Sources */,
				EA15FB6129AB8C2700677B12 /* NetflixTabBarController.swift in Sources */,
				EA15FB9929ABCD1F00677B12 /* TitleCollectionViewCellViewModel.swift in Sources */,
				EA15FB5D29AB8C2700677B12 /* AppDelegate.swift in Sources */,
				EA7939D529ADF13D00C0D787 /* PreviewViewViewModel.swift in Sources */,
				EA15FBAB29ACAFBB00677B12 /* YoutubeSearchResponse.swift in Sources */,
				EA15FB6729AB8C2700677B12 /* Netflix.xcdatamodeld in Sources */,
				EA15FB9729ABCCE800677B12 /* TitleCollectionViewCell.swift in Sources */,
				EA15FB9029ABA26D00677B12 /* HomeHeaderView.swift in Sources */,
				EA15FB8D29AB9CFC00677B12 /* HomeTableCellViewModel.swift in Sources */,
				EA7939D729AE901300C0D787 /* DataBasePersistenceManager.swift in Sources */,
				EA15FB8829AB9C2000677B12 /* HomeTableViewCell.swift in Sources */,
				EA15FB7D29AB984100677B12 /* UpComingViewController.swift in Sources */,
				EA15FB9229ABB78800677B12 /* NetworkService.swift in Sources */,
				EA15FB5F29AB8C2700677B12 /* SceneDelegate.swift in Sources */,
				EA15FBA729AC97CA00677B12 /* UpcomingTableViewCellViewModel.swift in Sources */,
				EA15FBA929ACA8C100677B12 /* SearchResultViewController.swift in Sources */,
				EA15FBA329AC91E800677B12 /* UpComingViewViewModel.swift in Sources */,
			);
			runOnlyForDeploymentPostprocessing = 0;
		};
/* End PBXSourcesBuildPhase section */

/* Begin PBXVariantGroup section */
		EA15FB6A29AB8C2900677B12 /* LaunchScreen.storyboard */ = {
			isa = PBXVariantGroup;
			children = (
				EA15FB6B29AB8C2900677B12 /* Base */,
			);
			name = LaunchScreen.storyboard;
			sourceTree = "<group>";
		};
/* End PBXVariantGroup section */

/* Begin XCBuildConfiguration section */
		EA15FB6E29AB8C2900677B12 /* Debug */ = {
			isa = XCBuildConfiguration;
			buildSettings = {
				ALWAYS_SEARCH_USER_PATHS = NO;
				CLANG_ANALYZER_NONNULL = YES;
				CLANG_ANALYZER_NUMBER_OBJECT_CONVERSION = YES_AGGRESSIVE;
				CLANG_CXX_LANGUAGE_STANDARD = "gnu++20";
				CLANG_ENABLE_MODULES = YES;
				CLANG_ENABLE_OBJC_ARC = YES;
				CLANG_ENABLE_OBJC_WEAK = YES;
				CLANG_WARN_BLOCK_CAPTURE_AUTORELEASING = YES;
				CLANG_WARN_BOOL_CONVERSION = YES;
				CLANG_WARN_COMMA = YES;
				CLANG_WARN_CONSTANT_CONVERSION = YES;
				CLANG_WARN_DEPRECATED_OBJC_IMPLEMENTATIONS = YES;
				CLANG_WARN_DIRECT_OBJC_ISA_USAGE = YES_ERROR;
				CLANG_WARN_DOCUMENTATION_COMMENTS = YES;
				CLANG_WARN_EMPTY_BODY = YES;
				CLANG_WARN_ENUM_CONVERSION = YES;
				CLANG_WARN_INFINITE_RECURSION = YES;
				CLANG_WARN_INT_CONVERSION = YES;
				CLANG_WARN_NON_LITERAL_NULL_CONVERSION = YES;
				CLANG_WARN_OBJC_IMPLICIT_RETAIN_SELF = YES;
				CLANG_WARN_OBJC_LITERAL_CONVERSION = YES;
				CLANG_WARN_OBJC_ROOT_CLASS = YES_ERROR;
				CLANG_WARN_QUOTED_INCLUDE_IN_FRAMEWORK_HEADER = YES;
				CLANG_WARN_RANGE_LOOP_ANALYSIS = YES;
				CLANG_WARN_STRICT_PROTOTYPES = YES;
				CLANG_WARN_SUSPICIOUS_MOVE = YES;
				CLANG_WARN_UNGUARDED_AVAILABILITY = YES_AGGRESSIVE;
				CLANG_WARN_UNREACHABLE_CODE = YES;
				CLANG_WARN__DUPLICATE_METHOD_MATCH = YES;
				COPY_PHASE_STRIP = NO;
				DEBUG_INFORMATION_FORMAT = dwarf;
				ENABLE_STRICT_OBJC_MSGSEND = YES;
				ENABLE_TESTABILITY = YES;
				GCC_C_LANGUAGE_STANDARD = gnu11;
				GCC_DYNAMIC_NO_PIC = NO;
				GCC_NO_COMMON_BLOCKS = YES;
				GCC_OPTIMIZATION_LEVEL = 0;
				GCC_PREPROCESSOR_DEFINITIONS = (
					"DEBUG=1",
					"$(inherited)",
				);
				GCC_WARN_64_TO_32_BIT_CONVERSION = YES;
				GCC_WARN_ABOUT_RETURN_TYPE = YES_ERROR;
				GCC_WARN_UNDECLARED_SELECTOR = YES;
				GCC_WARN_UNINITIALIZED_AUTOS = YES_AGGRESSIVE;
				GCC_WARN_UNUSED_FUNCTION = YES;
				GCC_WARN_UNUSED_VARIABLE = YES;
				IPHONEOS_DEPLOYMENT_TARGET = 16.2;
				MTL_ENABLE_DEBUG_INFO = INCLUDE_SOURCE;
				MTL_FAST_MATH = YES;
				ONLY_ACTIVE_ARCH = YES;
				SDKROOT = iphoneos;
				SWIFT_ACTIVE_COMPILATION_CONDITIONS = DEBUG;
				SWIFT_OPTIMIZATION_LEVEL = "-Onone";
			};
			name = Debug;
		};
		EA15FB6F29AB8C2900677B12 /* Release */ = {
			isa = XCBuildConfiguration;
			buildSettings = {
				ALWAYS_SEARCH_USER_PATHS = NO;
				CLANG_ANALYZER_NONNULL = YES;
				CLANG_ANALYZER_NUMBER_OBJECT_CONVERSION = YES_AGGRESSIVE;
				CLANG_CXX_LANGUAGE_STANDARD = "gnu++20";
				CLANG_ENABLE_MODULES = YES;
				CLANG_ENABLE_OBJC_ARC = YES;
				CLANG_ENABLE_OBJC_WEAK = YES;
				CLANG_WARN_BLOCK_CAPTURE_AUTORELEASING = YES;
				CLANG_WARN_BOOL_CONVERSION = YES;
				CLANG_WARN_COMMA = YES;
				CLANG_WARN_CONSTANT_CONVERSION = YES;
				CLANG_WARN_DEPRECATED_OBJC_IMPLEMENTATIONS = YES;
				CLANG_WARN_DIRECT_OBJC_ISA_USAGE = YES_ERROR;
				CLANG_WARN_DOCUMENTATION_COMMENTS = YES;
				CLANG_WARN_EMPTY_BODY = YES;
				CLANG_WARN_ENUM_CONVERSION = YES;
				CLANG_WARN_INFINITE_RECURSION = YES;
				CLANG_WARN_INT_CONVERSION = YES;
				CLANG_WARN_NON_LITERAL_NULL_CONVERSION = YES;
				CLANG_WARN_OBJC_IMPLICIT_RETAIN_SELF = YES;
				CLANG_WARN_OBJC_LITERAL_CONVERSION = YES;
				CLANG_WARN_OBJC_ROOT_CLASS = YES_ERROR;
				CLANG_WARN_QUOTED_INCLUDE_IN_FRAMEWORK_HEADER = YES;
				CLANG_WARN_RANGE_LOOP_ANALYSIS = YES;
				CLANG_WARN_STRICT_PROTOTYPES = YES;
				CLANG_WARN_SUSPICIOUS_MOVE = YES;
				CLANG_WARN_UNGUARDED_AVAILABILITY = YES_AGGRESSIVE;
				CLANG_WARN_UNREACHABLE_CODE = YES;
				CLANG_WARN__DUPLICATE_METHOD_MATCH = YES;
				COPY_PHASE_STRIP = NO;
				DEBUG_INFORMATION_FORMAT = "dwarf-with-dsym";
				ENABLE_NS_ASSERTIONS = NO;
				ENABLE_STRICT_OBJC_MSGSEND = YES;
				GCC_C_LANGUAGE_STANDARD = gnu11;
				GCC_NO_COMMON_BLOCKS = YES;
				GCC_WARN_64_TO_32_BIT_CONVERSION = YES;
				GCC_WARN_ABOUT_RETURN_TYPE = YES_ERROR;
				GCC_WARN_UNDECLARED_SELECTOR = YES;
				GCC_WARN_UNINITIALIZED_AUTOS = YES_AGGRESSIVE;
				GCC_WARN_UNUSED_FUNCTION = YES;
				GCC_WARN_UNUSED_VARIABLE = YES;
				IPHONEOS_DEPLOYMENT_TARGET = 16.2;
				MTL_ENABLE_DEBUG_INFO = NO;
				MTL_FAST_MATH = YES;
				SDKROOT = iphoneos;
				SWIFT_COMPILATION_MODE = wholemodule;
				SWIFT_OPTIMIZATION_LEVEL = "-O";
				VALIDATE_PRODUCT = YES;
			};
			name = Release;
		};
		EA15FB7129AB8C2900677B12 /* Debug */ = {
			isa = XCBuildConfiguration;
			buildSettings = {
				ASSETCATALOG_COMPILER_APPICON_NAME = AppIcon;
				ASSETCATALOG_COMPILER_GLOBAL_ACCENT_COLOR_NAME = AccentColor;
				CODE_SIGN_STYLE = Automatic;
				CURRENT_PROJECT_VERSION = 1;
				DEVELOPMENT_TEAM = 6SYM4Y4869;
				GENERATE_INFOPLIST_FILE = YES;
				INFOPLIST_FILE = Netflix/Info.plist;
				INFOPLIST_KEY_UIApplicationSupportsIndirectInputEvents = YES;
				INFOPLIST_KEY_UILaunchStoryboardName = LaunchScreen;
				INFOPLIST_KEY_UISupportedInterfaceOrientations_iPad = "UIInterfaceOrientationPortrait UIInterfaceOrientationPortraitUpsideDown UIInterfaceOrientationLandscapeLeft UIInterfaceOrientationLandscapeRight";
				INFOPLIST_KEY_UISupportedInterfaceOrientations_iPhone = "UIInterfaceOrientationPortrait UIInterfaceOrientationLandscapeLeft UIInterfaceOrientationLandscapeRight";
				LD_RUNPATH_SEARCH_PATHS = (
					"$(inherited)",
					"@executable_path/Frameworks",
				);
				MARKETING_VERSION = 1.0;
				PRODUCT_BUNDLE_IDENTIFIER = com.KhaledHamdy.org.Netflix;
				PRODUCT_NAME = "$(TARGET_NAME)";
				SWIFT_EMIT_LOC_STRINGS = YES;
				SWIFT_VERSION = 5.0;
				TARGETED_DEVICE_FAMILY = "1,2";
			};
			name = Debug;
		};
		EA15FB7229AB8C2900677B12 /* Release */ = {
			isa = XCBuildConfiguration;
			buildSettings = {
				ASSETCATALOG_COMPILER_APPICON_NAME = AppIcon;
				ASSETCATALOG_COMPILER_GLOBAL_ACCENT_COLOR_NAME = AccentColor;
				CODE_SIGN_STYLE = Automatic;
				CURRENT_PROJECT_VERSION = 1;
				DEVELOPMENT_TEAM = 6SYM4Y4869;
				GENERATE_INFOPLIST_FILE = YES;
				INFOPLIST_FILE = Netflix/Info.plist;
				INFOPLIST_KEY_UIApplicationSupportsIndirectInputEvents = YES;
				INFOPLIST_KEY_UILaunchStoryboardName = LaunchScreen;
				INFOPLIST_KEY_UISupportedInterfaceOrientations_iPad = "UIInterfaceOrientationPortrait UIInterfaceOrientationPortraitUpsideDown UIInterfaceOrientationLandscapeLeft UIInterfaceOrientationLandscapeRight";
				INFOPLIST_KEY_UISupportedInterfaceOrientations_iPhone = "UIInterfaceOrientationPortrait UIInterfaceOrientationLandscapeLeft UIInterfaceOrientationLandscapeRight";
				LD_RUNPATH_SEARCH_PATHS = (
					"$(inherited)",
					"@executable_path/Frameworks",
				);
				MARKETING_VERSION = 1.0;
				PRODUCT_BUNDLE_IDENTIFIER = com.KhaledHamdy.org.Netflix;
				PRODUCT_NAME = "$(TARGET_NAME)";
				SWIFT_EMIT_LOC_STRINGS = YES;
				SWIFT_VERSION = 5.0;
				TARGETED_DEVICE_FAMILY = "1,2";
			};
			name = Release;
		};
/* End XCBuildConfiguration section */

/* Begin XCConfigurationList section */
		EA15FB5429AB8C2700677B12 /* Build configuration list for PBXProject "Netflix" */ = {
			isa = XCConfigurationList;
			buildConfigurations = (
				EA15FB6E29AB8C2900677B12 /* Debug */,
				EA15FB6F29AB8C2900677B12 /* Release */,
			);
			defaultConfigurationIsVisible = 0;
			defaultConfigurationName = Release;
		};
		EA15FB7029AB8C2900677B12 /* Build configuration list for PBXNativeTarget "Netflix" */ = {
			isa = XCConfigurationList;
			buildConfigurations = (
				EA15FB7129AB8C2900677B12 /* Debug */,
				EA15FB7229AB8C2900677B12 /* Release */,
			);
			defaultConfigurationIsVisible = 0;
			defaultConfigurationName = Release;
		};
/* End XCConfigurationList section */

/* Begin XCRemoteSwiftPackageReference section */
		EA15FB9B29ABCEA500677B12 /* XCRemoteSwiftPackageReference "SDWebImage" */ = {
			isa = XCRemoteSwiftPackageReference;
			repositoryURL = "https://github.com/SDWebImage/SDWebImage.git";
			requirement = {
				branch = master;
				kind = branch;
			};
		};
/* End XCRemoteSwiftPackageReference section */

/* Begin XCSwiftPackageProductDependency section */
		EA15FB9C29ABCEA500677B12 /* SDWebImage */ = {
			isa = XCSwiftPackageProductDependency;
			package = EA15FB9B29ABCEA500677B12 /* XCRemoteSwiftPackageReference "SDWebImage" */;
			productName = SDWebImage;
		};
/* End XCSwiftPackageProductDependency section */

/* Begin XCVersionGroup section */
		EA15FB6529AB8C2700677B12 /* Netflix.xcdatamodeld */ = {
			isa = XCVersionGroup;
			children = (
				EA15FB6629AB8C2700677B12 /* Netflix.xcdatamodel */,
			);
			currentVersion = EA15FB6629AB8C2700677B12 /* Netflix.xcdatamodel */;
			path = Netflix.xcdatamodeld;
			sourceTree = "<group>";
			versionGroupType = wrapper.xcdatamodel;
		};
/* End XCVersionGroup section */
	};
	rootObject = EA15FB5129AB8C2700677B12 /* Project object */;
}
